
Microsoft Visual Studio Solution File, Format Version 12.00
# Visual Studio 15
VisualStudioVersion = 15.0.28307.705
MinimumVisualStudioVersion = 10.0.40219.1
Project("{FAE04EC0-301F-11D3-BF4B-00C04F79EFBC}") = "EasySlideVerification", "EasySlideVerification\EasySlideVerification.csproj", "{434B73A5-93A9-412A-8733-CA686933916A}"
EndProject
Global
	GlobalSection(SolutionConfigurationPlatforms) = preSolution
		Debug|Any CPU = Debug|Any CPU
		Release|Any CPU = Release|Any CPU
	EndGlobalSection
	GlobalSection(ProjectConfigurationPlatforms) = postSolution
		{434B73A5-93A9-412A-8733-CA686933916A}.Debug|Any CPU.ActiveCfg = Debug|Any CPU
		{434B73A5-93A9-412A-8733-CA686933916A}.Debug|Any CPU.Build.0 = Debug|Any CPU
		{434B73A5-93A9-412A-8733-CA686933916A}.Release|Any CPU.ActiveCfg = Release|Any CPU
		{434B73A5-93A9-412A-8733-CA686933916A}.Release|Any CPU.Build.0 = Release|Any CPU
	EndGlobalSection
	GlobalSection(SolutionProperties) = preSolution
		HideSolutionNode = FALSE
	EndGlobalSection
	GlobalSection(ExtensibilityGlobals) = postSolution
		SolutionGuid = {4375C6D0-04F1-4114-A0AC-2029702DBE34}
	EndGlobalSection
EndGlobal
